
Microsoft Visual Studio Solution File, Format Version 12.00
# Visual Studio Version 17
VisualStudioVersion = 17.9.34407.89
MinimumVisualStudioVersion = 10.0.40219.1
Project("{9A19103F-16F7-4668-BE54-9A1E7A4F7556}") = "PSSharprompt", "PSSharprompt\PSSharprompt.csproj", "{ACB739CB-99AF-4786-AF38-1DE99E97CB6C}"
EndProject
Project("{2150E333-8FDC-42A3-9474-1A3956D46DE8}") = "Solution Items", "Solution Items", "{AACBAECC-CA93-4F8F-BFC7-503FD8EB35F7}"
	ProjectSection(SolutionItems) = preProject
		README.md = README.md
	EndProjectSection
EndProject
Global
	GlobalSection(SolutionConfigurationPlatforms) = preSolution
		Debug|Any CPU = Debug|Any CPU
		Release|Any CPU = Release|Any CPU
	EndGlobalSection
	GlobalSection(ProjectConfigurationPlatforms) = postSolution
		{ACB739CB-99AF-4786-AF38-1DE99E97CB6C}.Debug|Any CPU.ActiveCfg = Debug|Any CPU
		{ACB739CB-99AF-4786-AF38-1DE99E97CB6C}.Debug|Any CPU.Build.0 = Debug|Any CPU
		{ACB739CB-99AF-4786-AF38-1DE99E97CB6C}.Release|Any CPU.ActiveCfg = Release|Any CPU
		{ACB739CB-99AF-4786-AF38-1DE99E97CB6C}.Release|Any CPU.Build.0 = Release|Any CPU
	EndGlobalSection
	GlobalSection(SolutionProperties) = preSolution
		HideSolutionNode = FALSE
	EndGlobalSection
	GlobalSection(ExtensibilityGlobals) = postSolution
		SolutionGuid = {FE1624D9-0EEF-479E-BA1D-FFB70E5C59C1}
	EndGlobalSection
EndGlobal
